
Microsoft Visual Studio Solution File, Format Version 12.00
# Visual Studio Version 17
VisualStudioVersion = 17.7.34031.279
MinimumVisualStudioVersion = 10.0.40219.1
Project("{FAE04EC0-301F-11D3-BF4B-00C04F79EFBC}") = "Ramas", "Ramas\Ramas.csproj", "{983396DB-EEE8-4AC8-9A21-D32EFD37B27B}"
EndProject
Global
	GlobalSection(SolutionConfigurationPlatforms) = preSolution
		Debug|Any CPU = Debug|Any CPU
		Release|Any CPU = Release|Any CPU
	EndGlobalSection
	GlobalSection(ProjectConfigurationPlatforms) = postSolution
		{983396DB-EEE8-4AC8-9A21-D32EFD37B27B}.Debug|Any CPU.ActiveCfg = Debug|Any CPU
		{983396DB-EEE8-4AC8-9A21-D32EFD37B27B}.Debug|Any CPU.Build.0 = Debug|Any CPU
		{983396DB-EEE8-4AC8-9A21-D32EFD37B27B}.Release|Any CPU.ActiveCfg = Release|Any CPU
		{983396DB-EEE8-4AC8-9A21-D32EFD37B27B}.Release|Any CPU.Build.0 = Release|Any CPU
	EndGlobalSection
	GlobalSection(SolutionProperties) = preSolution
		HideSolutionNode = FALSE
	EndGlobalSection
	GlobalSection(ExtensibilityGlobals) = postSolution
		SolutionGuid = {2B5D9E34-8953-4EE2-979B-65564BF83BDE}
	EndGlobalSection
EndGlobal
